// !$*UTF8*$!
{
	archiveVersion = 1;
	classes = {
	};
	objectVersion = 56;
	objects = {

/* Begin PBXBuildFile section */
		708E9BFAE5C4A9C65A1CC66F /* ConfigSyncManager.swift in Sources */ = {isa = PBXBuildFile; fileRef = 5ADFC7D999CE0A6CC53C7B39 /* ConfigSyncManager.swift */; };
		A10000A0 /* FontMapping.swift in Sources */ = {isa = PBXBuildFile; fileRef = A20000A0 /* FontMapping.swift */; };
		A10000A2 /* KeyTableIndicatorView.swift in Sources */ = {isa = PBXBuildFile; fileRef = A20000A2 /* KeyTableIndicatorView.swift */; };
		B1000001 /* GeisttyUITests.swift in Sources */ = {isa = PBXBuildFile; fileRef = B2000001 /* GeisttyUITests.swift */; };
		B1000002 /* TmuxPaneUITests.swift in Sources */ = {isa = PBXBuildFile; fileRef = B2000002 /* TmuxPaneUITests.swift */; };
		B1000003 /* TmuxSizingDebugTests.swift in Sources */ = {isa = PBXBuildFile; fileRef = B2000003 /* TmuxSizingDebugTests.swift */; };
		B1000004 /* ConnectedTests.swift in Sources */ = {isa = PBXBuildFile; fileRef = B2000004 /* ConnectedTests.swift */; };
		B1000005 /* TestConfig.local.swift in Sources */ = {isa = PBXBuildFile; fileRef = B2000005 /* TestConfig.local.swift */; };
		B1000006 /* UITestHelpers.swift in Sources */ = {isa = PBXBuildFile; fileRef = B2000006 /* UITestHelpers.swift */; };
		B1000007 /* LaunchTests.swift in Sources */ = {isa = PBXBuildFile; fileRef = B2000007 /* LaunchTests.swift */; };
		B1000008 /* QuickConnectSheetTests.swift in Sources */ = {isa = PBXBuildFile; fileRef = B2000008 /* QuickConnectSheetTests.swift */; };
		B1000009 /* ConnectionListTests.swift in Sources */ = {isa = PBXBuildFile; fileRef = B2000009 /* ConnectionListTests.swift */; };
		B100000A /* ConnectionEditorTests.swift in Sources */ = {isa = PBXBuildFile; fileRef = B200000A /* ConnectionEditorTests.swift */; };
		B100000B /* SettingsTests.swift in Sources */ = {isa = PBXBuildFile; fileRef = B200000B /* SettingsTests.swift */; };
		B100000C /* SSHKeyManagerTests.swift in Sources */ = {isa = PBXBuildFile; fileRef = B200000C /* SSHKeyManagerTests.swift */; };
		B100000D /* ErrorViewTests.swift in Sources */ = {isa = PBXBuildFile; fileRef = B200000D /* ErrorViewTests.swift */; };
		B100000E /* TerminalBasicTests.swift in Sources */ = {isa = PBXBuildFile; fileRef = B200000E /* TerminalBasicTests.swift */; };
		B100000F /* ToolbarTests.swift in Sources */ = {isa = PBXBuildFile; fileRef = B200000F /* ToolbarTests.swift */; };
		B1000010 /* SearchTests.swift in Sources */ = {isa = PBXBuildFile; fileRef = B2000020 /* SearchTests.swift */; };
		B1000011 /* CommandPaletteTests.swift in Sources */ = {isa = PBXBuildFile; fileRef = B2000021 /* CommandPaletteTests.swift */; };
		B1000012 /* FontSizeTests.swift in Sources */ = {isa = PBXBuildFile; fileRef = B2000022 /* FontSizeTests.swift */; };
		B1000013 /* SplitPaneTests.swift in Sources */ = {isa = PBXBuildFile; fileRef = B2000023 /* SplitPaneTests.swift */; };
		B1000014 /* TmuxWindowTests.swift in Sources */ = {isa = PBXBuildFile; fileRef = B2000024 /* TmuxWindowTests.swift */; };
		B1000015 /* OrientationTests.swift in Sources */ = {isa = PBXBuildFile; fileRef = B2000025 /* OrientationTests.swift */; };
		B1000016 /* StressTests.swift in Sources */ = {isa = PBXBuildFile; fileRef = B2000026 /* StressTests.swift */; };
		B1000017 /* ThemePickerTests.swift in Sources */ = {isa = PBXBuildFile; fileRef = B2000027 /* ThemePickerTests.swift */; };
		B1000018 /* FontPickerTests.swift in Sources */ = {isa = PBXBuildFile; fileRef = B2000028 /* FontPickerTests.swift */; };
		B1000019 /* SettingsValueChangeTests.swift in Sources */ = {isa = PBXBuildFile; fileRef = B2000029 /* SettingsValueChangeTests.swift */; };
		B100001A /* ProfileCRUDTests.swift in Sources */ = {isa = PBXBuildFile; fileRef = B200002A /* ProfileCRUDTests.swift */; };
		B100001B /* ConnectionEditorValidationTests.swift in Sources */ = {isa = PBXBuildFile; fileRef = B200002B /* ConnectionEditorValidationTests.swift */; };
		B100001C /* SSHKeyGeneratorTests.swift in Sources */ = {isa = PBXBuildFile; fileRef = B200002C /* SSHKeyGeneratorTests.swift */; };
		B100001D /* QuickConnectInlineTests.swift in Sources */ = {isa = PBXBuildFile; fileRef = B200002D /* QuickConnectInlineTests.swift */; };
		B100001E /* MenuBarTests.swift in Sources */ = {isa = PBXBuildFile; fileRef = B200002E /* MenuBarTests.swift */; };
		B100001F /* LayoutStabilityTests.swift in Sources */ = {isa = PBXBuildFile; fileRef = B200002F /* LayoutStabilityTests.swift */; };
		B1000020 /* KeyboardShortcutRoutingTests.swift in Sources */ = {isa = PBXBuildFile; fileRef = B2000030 /* KeyboardShortcutRoutingTests.swift */; };
		A1000001 /* GeisttyApp.swift in Sources */ = {isa = PBXBuildFile; fileRef = A2000001 /* GeisttyApp.swift */; };
		A1000002 /* ContentView.swift in Sources */ = {isa = PBXBuildFile; fileRef = A2000002 /* ContentView.swift */; };
		A1000003 /* TerminalContainerView.swift in Sources */ = {isa = PBXBuildFile; fileRef = A2000003 /* TerminalContainerView.swift */; };
		A10000A3 /* TerminalToolbar.swift in Sources */ = {isa = PBXBuildFile; fileRef = A20000A3 /* TerminalToolbar.swift */; };
		A10000A4 /* RawTerminalUIViewController+Keyboard.swift in Sources */ = {isa = PBXBuildFile; fileRef = A20000A4 /* RawTerminalUIViewController+Keyboard.swift */; };
		A10000A5 /* RawTerminalUIViewController+MenuBar.swift in Sources */ = {isa = PBXBuildFile; fileRef = A20000A5 /* RawTerminalUIViewController+MenuBar.swift */; };
		A10000A6 /* RawTerminalUIViewController+Search.swift in Sources */ = {isa = PBXBuildFile; fileRef = A20000A6 /* RawTerminalUIViewController+Search.swift */; };
		A10000A7 /* RawTerminalUIViewController+Shortcuts.swift in Sources */ = {isa = PBXBuildFile; fileRef = A20000A7 /* RawTerminalUIViewController+Shortcuts.swift */; };
		A10000A8 /* RawTerminalUIViewController+Tmux.swift in Sources */ = {isa = PBXBuildFile; fileRef = A20000A8 /* RawTerminalUIViewController+Tmux.swift */; };
		A10000A9 /* RawTerminalUIViewController+WindowPicker.swift in Sources */ = {isa = PBXBuildFile; fileRef = A20000A9 /* RawTerminalUIViewController+WindowPicker.swift */; };
		A10000AA /* TmuxStatusBarView.swift in Sources */ = {isa = PBXBuildFile; fileRef = A20000AA /* TmuxStatusBarView.swift */; };
		A10000AB /* RawTerminalUIViewController+StatusBar.swift in Sources */ = {isa = PBXBuildFile; fileRef = A20000AB /* RawTerminalUIViewController+StatusBar.swift */; };
		A1000004 /* SSHSession.swift in Sources */ = {isa = PBXBuildFile; fileRef = A2000004 /* SSHSession.swift */; };
		A10000B0 /* MoshSession.swift in Sources */ = {isa = PBXBuildFile; fileRef = A20000B0 /* MoshSession.swift */; };
		A1000006 /* Assets.xcassets in Resources */ = {isa = PBXBuildFile; fileRef = A2000006 /* Assets.xcassets */; };
		A1000007 /* DepartureMono-Regular.otf in Resources */ = {isa = PBXBuildFile; fileRef = A2000007 /* DepartureMono-Regular.otf */; };
		A1000010 /* Ghostty.swift in Sources */ = {isa = PBXBuildFile; fileRef = A2000011 /* Ghostty.swift */; };
		A1000C01 /* Ghostty.Config.swift in Sources */ = {isa = PBXBuildFile; fileRef = A2000C01 /* Ghostty.Config.swift */; };
		A1000C02 /* Ghostty.App.swift in Sources */ = {isa = PBXBuildFile; fileRef = A2000C02 /* Ghostty.App.swift */; };
		A1000C03 /* Ghostty.SurfaceConfiguration.swift in Sources */ = {isa = PBXBuildFile; fileRef = A2000C03 /* Ghostty.SurfaceConfiguration.swift */; };
		A1000C04 /* Ghostty.SearchState.swift in Sources */ = {isa = PBXBuildFile; fileRef = A2000C04 /* Ghostty.SearchState.swift */; };
		A1000C05 /* TmuxSurfaceProtocol.swift in Sources */ = {isa = PBXBuildFile; fileRef = A2000C05 /* TmuxSurfaceProtocol.swift */; };
		A1000C06 /* Ghostty.Command.swift in Sources */ = {isa = PBXBuildFile; fileRef = A2000C06 /* Ghostty.Command.swift */; };
		A1000C07 /* CommandPaletteView.swift in Sources */ = {isa = PBXBuildFile; fileRef = A2000C07 /* CommandPaletteView.swift */; };
		A1000012 /* GhosttyKit.xcframework in Frameworks */ = {isa = PBXBuildFile; fileRef = A2000013 /* GhosttyKit.xcframework */; };
		A1000013 /* GhosttyInput.swift in Sources */ = {isa = PBXBuildFile; fileRef = A2000014 /* GhosttyInput.swift */; };
		A1000020 /* KeychainManager.swift in Sources */ = {isa = PBXBuildFile; fileRef = A2000020 /* KeychainManager.swift */; };
		A1000021 /* SSHKeyManager.swift in Sources */ = {isa = PBXBuildFile; fileRef = A2000021 /* SSHKeyManager.swift */; };
		A1000022 /* ConnectionProfile.swift in Sources */ = {isa = PBXBuildFile; fileRef = A2000022 /* ConnectionProfile.swift */; };
		A1000023 /* CredentialProvider.swift in Sources */ = {isa = PBXBuildFile; fileRef = A2000023 /* CredentialProvider.swift */; };
		A1000024 /* SSHKeyParser.swift in Sources */ = {isa = PBXBuildFile; fileRef = A2000024 /* SSHKeyParser.swift */; };
		A1000025 /* BiometricGatekeeper.swift in Sources */ = {isa = PBXBuildFile; fileRef = A2000025 /* BiometricGatekeeper.swift */; };
		A1000026 /* SSHCommandRunner.swift in Sources */ = {isa = PBXBuildFile; fileRef = A2000026 /* SSHCommandRunner.swift */; };
		A1000030 /* ConnectionListView.swift in Sources */ = {isa = PBXBuildFile; fileRef = A2000030 /* ConnectionListView.swift */; };
		A1000031 /* ConnectionEditorView.swift in Sources */ = {isa = PBXBuildFile; fileRef = A2000031 /* ConnectionEditorView.swift */; };
		A1000050 /* SettingsView.swift in Sources */ = {isa = PBXBuildFile; fileRef = A2000050 /* SettingsView.swift */; };
		A1000060 /* Theme.swift in Sources */ = {isa = PBXBuildFile; fileRef = A2000060 /* Theme.swift */; };
		A1000061 /* themes in Resources */ = {isa = PBXBuildFile; fileRef = A2000061 /* themes */; };
		A1000070 /* JetBrainsMono-Regular.ttf in Resources */ = {isa = PBXBuildFile; fileRef = A2000070 /* JetBrainsMono-Regular.ttf */; };
		A1000071 /* JetBrainsMono-Bold.ttf in Resources */ = {isa = PBXBuildFile; fileRef = A2000071 /* JetBrainsMono-Bold.ttf */; };
		A1000072 /* FiraCode-Regular.ttf in Resources */ = {isa = PBXBuildFile; fileRef = A2000072 /* FiraCode-Regular.ttf */; };
		A1000073 /* FiraCode-Bold.ttf in Resources */ = {isa = PBXBuildFile; fileRef = A2000073 /* FiraCode-Bold.ttf */; };
		A1000074 /* Hack-Regular.ttf in Resources */ = {isa = PBXBuildFile; fileRef = A2000074 /* Hack-Regular.ttf */; };
		A1000075 /* Hack-Bold.ttf in Resources */ = {isa = PBXBuildFile; fileRef = A2000075 /* Hack-Bold.ttf */; };
		A1000076 /* SourceCodePro-Regular.otf in Resources */ = {isa = PBXBuildFile; fileRef = A2000076 /* SourceCodePro-Regular.otf */; };
		A1000077 /* SourceCodePro-Bold.otf in Resources */ = {isa = PBXBuildFile; fileRef = A2000077 /* SourceCodePro-Bold.otf */; };
		A1000078 /* IBMPlexMono-Regular.ttf in Resources */ = {isa = PBXBuildFile; fileRef = A2000078 /* IBMPlexMono-Regular.ttf */; };
		A1000079 /* IBMPlexMono-Bold.ttf in Resources */ = {isa = PBXBuildFile; fileRef = A2000079 /* IBMPlexMono-Bold.ttf */; };
		A100007A /* Inconsolata-Regular.ttf in Resources */ = {isa = PBXBuildFile; fileRef = A200007A /* Inconsolata-Regular.ttf */; };
		A100007B /* Inconsolata-Bold.ttf in Resources */ = {isa = PBXBuildFile; fileRef = A200007B /* Inconsolata-Bold.ttf */; };
		A100007C /* AtkinsonHyperlegibleMono-Regular.ttf in Resources */ = {isa = PBXBuildFile; fileRef = A200007C /* AtkinsonHyperlegibleMono-Regular.ttf */; };
		A100007D /* AtkinsonHyperlegibleMono-Bold.ttf in Resources */ = {isa = PBXBuildFile; fileRef = A200007D /* AtkinsonHyperlegibleMono-Bold.ttf */; };
		A10000AC /* OpenDyslexicNerdFont-Regular.otf in Resources */ = {isa = PBXBuildFile; fileRef = A20000AC /* OpenDyslexicNerdFont-Regular.otf */; };
		A10000AD /* OpenDyslexicNerdFont-Bold.otf in Resources */ = {isa = PBXBuildFile; fileRef = A20000AD /* OpenDyslexicNerdFont-Bold.otf */; };
		A1000080 /* SurfaceSearchOverlay.swift in Sources */ = {isa = PBXBuildFile; fileRef = A2000080 /* SurfaceSearchOverlay.swift */; };
		A1000082 /* TmuxModels.swift in Sources */ = {isa = PBXBuildFile; fileRef = A2000082 /* TmuxModels.swift */; };
		A1000083 /* TmuxSessionManager.swift in Sources */ = {isa = PBXBuildFile; fileRef = A2000083 /* TmuxSessionManager.swift */; };
		A1000084 /* TmuxLayout.swift in Sources */ = {isa = PBXBuildFile; fileRef = A2000084 /* TmuxLayout.swift */; };
		A1000085 /* TmuxSplitTree.swift in Sources */ = {isa = PBXBuildFile; fileRef = A2000085 /* TmuxSplitTree.swift */; };
		A1000086 /* TmuxSplitView.swift in Sources */ = {isa = PBXBuildFile; fileRef = A2000086 /* TmuxSplitView.swift */; };
		A1000087 /* TmuxMultiPaneView.swift in Sources */ = {isa = PBXBuildFile; fileRef = A2000087 /* TmuxMultiPaneView.swift */; };
		A1000088 /* TmuxWindowPickerView.swift in Sources */ = {isa = PBXBuildFile; fileRef = A2000088 /* TmuxWindowPickerView.swift */; };
		A1000089 /* TmuxSessionPickerView.swift in Sources */ = {isa = PBXBuildFile; fileRef = A2000089 /* TmuxSessionPickerView.swift */; };
		A1000090 /* NIOSSHConnection.swift in Sources */ = {isa = PBXBuildFile; fileRef = A2000090 /* NIOSSHConnection.swift */; };
		A1000091 /* NIOSSH in Frameworks */ = {isa = PBXBuildFile; productRef = AE000002 /* NIOSSH */; };
		A1000092 /* NIOTransportServices in Frameworks */ = {isa = PBXBuildFile; productRef = AE000003 /* NIOTransportServices */; };
		A1000096 /* TmuxSessionNameResolver.swift in Sources */ = {isa = PBXBuildFile; fileRef = A2000096 /* TmuxSessionNameResolver.swift */; };
		A1000C08 /* TmuxWireDiagnostics.swift in Sources */ = {isa = PBXBuildFile; fileRef = A2000C08 /* TmuxWireDiagnostics.swift */; };
		A1000C09 /* SelectionOverlay.swift in Sources */ = {isa = PBXBuildFile; fileRef = A2000C09 /* SelectionOverlay.swift */; };

		D1000013 /* FontMappingTests.swift in Sources */ = {isa = PBXBuildFile; fileRef = D2000013 /* FontMappingTests.swift */; };

		D1000022 /* TmuxViewerReadyTests.swift in Sources */ = {isa = PBXBuildFile; fileRef = D2000022 /* TmuxViewerReadyTests.swift */; };
		D1000037 /* BackgroundTaskTests.swift in Sources */ = {isa = PBXBuildFile; fileRef = D2000037 /* BackgroundTaskTests.swift */; };
		D1000014 /* ConnectionProfileTests.swift in Sources */ = {isa = PBXBuildFile; fileRef = D2000014 /* ConnectionProfileTests.swift */; };
		D1000015 /* GhosttyInputTests.swift in Sources */ = {isa = PBXBuildFile; fileRef = D2000015 /* GhosttyInputTests.swift */; };
		D1000016 /* TmuxModelsTests.swift in Sources */ = {isa = PBXBuildFile; fileRef = D2000016 /* TmuxModelsTests.swift */; };
		D1000017 /* TmuxLayoutTests.swift in Sources */ = {isa = PBXBuildFile; fileRef = D2000017 /* TmuxLayoutTests.swift */; };
		D1000018 /* TmuxSplitTreeTests.swift in Sources */ = {isa = PBXBuildFile; fileRef = D2000018 /* TmuxSplitTreeTests.swift */; };
		D1000020 /* TmuxSessionNameResolverTests.swift in Sources */ = {isa = PBXBuildFile; fileRef = D2000020 /* TmuxSessionNameResolverTests.swift */; };
		D1000023 /* ResizeTimingTests.swift in Sources */ = {isa = PBXBuildFile; fileRef = D2000023 /* ResizeTimingTests.swift */; };
		D1000024 /* ConfigSyncThemeTests.swift in Sources */ = {isa = PBXBuildFile; fileRef = D2000024 /* ConfigSyncThemeTests.swift */; };
		D1000025 /* ConfigIntrospectionTests.swift in Sources */ = {isa = PBXBuildFile; fileRef = D2000025 /* ConfigIntrospectionTests.swift */; };
		D1000026 /* TmuxStateReconciliationTests.swift in Sources */ = {isa = PBXBuildFile; fileRef = D2000026 /* TmuxStateReconciliationTests.swift */; };
		D1000027 /* SSHKeyParserTests.swift in Sources */ = {isa = PBXBuildFile; fileRef = D2000027 /* SSHKeyParserTests.swift */; };
		D1000028 /* SSHKeyManagerTests.swift in Sources */ = {isa = PBXBuildFile; fileRef = D2000028 /* SSHKeyManagerTests.swift */; };
		D1000029 /* KeychainManagerTests.swift in Sources */ = {isa = PBXBuildFile; fileRef = D2000029 /* KeychainManagerTests.swift */; };
		D1000030 /* MockTmuxSurface.swift in Sources */ = {isa = PBXBuildFile; fileRef = D2000030 /* MockTmuxSurface.swift */; };
		D1000031 /* MockSSHSessionDelegate.swift in Sources */ = {isa = PBXBuildFile; fileRef = D2000031 /* MockSSHSessionDelegate.swift */; };
		D1000032 /* TmuxConnectionLifecycleTests.swift in Sources */ = {isa = PBXBuildFile; fileRef = D2000032 /* TmuxConnectionLifecycleTests.swift */; };
		D1000033 /* TmuxDataFlowTests.swift in Sources */ = {isa = PBXBuildFile; fileRef = D2000033 /* TmuxDataFlowTests.swift */; };
		D1000034 /* TmuxSessionManagerTests.swift in Sources */ = {isa = PBXBuildFile; fileRef = D2000034 /* TmuxSessionManagerTests.swift */; };
		D1000035 /* CommandPaletteTests.swift in Sources */ = {isa = PBXBuildFile; fileRef = D2000035 /* CommandPaletteTests.swift */; };
		D1000036 /* TmuxWireDiagnosticsTests.swift in Sources */ = {isa = PBXBuildFile; fileRef = D2000036 /* TmuxWireDiagnosticsTests.swift */; };
		D1000038 /* SelectionOverlayTests.swift in Sources */ = {isa = PBXBuildFile; fileRef = D2000038 /* SelectionOverlayTests.swift */; };
/* End PBXBuildFile section */

/* Begin PBXContainerItemProxy section */
		B3000001 /* PBXContainerItemProxy */ = {
			isa = PBXContainerItemProxy;
			containerPortal = AA000001 /* Project object */;
			proxyType = 1;
			remoteGlobalIDString = A6000001;
			remoteInfo = Geistty;
		};
		D3000001 /* PBXContainerItemProxy */ = {
			isa = PBXContainerItemProxy;
			containerPortal = AA000001 /* Project object */;
			proxyType = 1;
			remoteGlobalIDString = A6000001;
			remoteInfo = Geistty;
		};
/* End PBXContainerItemProxy section */

/* Begin PBXCopyFilesBuildPhase section */
		A3000001 /* Embed Frameworks */ = {
			isa = PBXCopyFilesBuildPhase;
			buildActionMask = 2147483647;
			dstPath = "";
			dstSubfolderSpec = 10;
			files = (
			);
			name = "Embed Frameworks";
			runOnlyForDeploymentPostprocessing = 0;
		};
		C3000002 /* Embed Foundation Extensions */ = {
			isa = PBXCopyFilesBuildPhase;
			buildActionMask = 2147483647;
			dstPath = "";
			dstSubfolderSpec = 13;
			files = (
			);
			name = "Embed Foundation Extensions";
			runOnlyForDeploymentPostprocessing = 0;
		};
/* End PBXCopyFilesBuildPhase section */

/* Begin PBXFileReference section */
		5ADFC7D999CE0A6CC53C7B39 /* ConfigSyncManager.swift */ = {isa = PBXFileReference; lastKnownFileType = sourcecode.swift; path = ConfigSyncManager.swift; sourceTree = "<group>"; };
		B2000001 /* GeisttyUITests.swift */ = {isa = PBXFileReference; lastKnownFileType = sourcecode.swift; path = GeisttyUITests.swift; sourceTree = "<group>"; };
		B2000002 /* TmuxPaneUITests.swift */ = {isa = PBXFileReference; lastKnownFileType = sourcecode.swift; path = TmuxPaneUITests.swift; sourceTree = "<group>"; };
		B2000003 /* TmuxSizingDebugTests.swift */ = {isa = PBXFileReference; lastKnownFileType = sourcecode.swift; path = TmuxSizingDebugTests.swift; sourceTree = "<group>"; };
		B2000004 /* ConnectedTests.swift */ = {isa = PBXFileReference; lastKnownFileType = sourcecode.swift; path = ConnectedTests.swift; sourceTree = "<group>"; };
		B2000005 /* TestConfig.local.swift */ = {isa = PBXFileReference; lastKnownFileType = sourcecode.swift; path = TestConfig.local.swift; sourceTree = "<group>"; };
		B2000006 /* UITestHelpers.swift */ = {isa = PBXFileReference; lastKnownFileType = sourcecode.swift; path = UITestHelpers.swift; sourceTree = "<group>"; };
		B2000007 /* LaunchTests.swift */ = {isa = PBXFileReference; lastKnownFileType = sourcecode.swift; path = LaunchTests.swift; sourceTree = "<group>"; };
		B2000008 /* QuickConnectSheetTests.swift */ = {isa = PBXFileReference; lastKnownFileType = sourcecode.swift; path = QuickConnectSheetTests.swift; sourceTree = "<group>"; };
		B2000009 /* ConnectionListTests.swift */ = {isa = PBXFileReference; lastKnownFileType = sourcecode.swift; path = ConnectionListTests.swift; sourceTree = "<group>"; };
		B200000A /* ConnectionEditorTests.swift */ = {isa = PBXFileReference; lastKnownFileType = sourcecode.swift; path = ConnectionEditorTests.swift; sourceTree = "<group>"; };
		B200000B /* SettingsTests.swift */ = {isa = PBXFileReference; lastKnownFileType = sourcecode.swift; path = SettingsTests.swift; sourceTree = "<group>"; };
		B200000C /* SSHKeyManagerTests.swift */ = {isa = PBXFileReference; lastKnownFileType = sourcecode.swift; path = SSHKeyManagerTests.swift; sourceTree = "<group>"; };
		B200000D /* ErrorViewTests.swift */ = {isa = PBXFileReference; lastKnownFileType = sourcecode.swift; path = ErrorViewTests.swift; sourceTree = "<group>"; };
		B200000E /* TerminalBasicTests.swift */ = {isa = PBXFileReference; lastKnownFileType = sourcecode.swift; path = TerminalBasicTests.swift; sourceTree = "<group>"; };
		B200000F /* ToolbarTests.swift */ = {isa = PBXFileReference; lastKnownFileType = sourcecode.swift; path = ToolbarTests.swift; sourceTree = "<group>"; };
		B2000020 /* SearchTests.swift */ = {isa = PBXFileReference; lastKnownFileType = sourcecode.swift; path = SearchTests.swift; sourceTree = "<group>"; };
		B2000021 /* CommandPaletteTests.swift */ = {isa = PBXFileReference; lastKnownFileType = sourcecode.swift; path = CommandPaletteTests.swift; sourceTree = "<group>"; };
		B2000022 /* FontSizeTests.swift */ = {isa = PBXFileReference; lastKnownFileType = sourcecode.swift; path = FontSizeTests.swift; sourceTree = "<group>"; };
		B2000023 /* SplitPaneTests.swift */ = {isa = PBXFileReference; lastKnownFileType = sourcecode.swift; path = SplitPaneTests.swift; sourceTree = "<group>"; };
		B2000024 /* TmuxWindowTests.swift */ = {isa = PBXFileReference; lastKnownFileType = sourcecode.swift; path = TmuxWindowTests.swift; sourceTree = "<group>"; };
		B2000025 /* OrientationTests.swift */ = {isa = PBXFileReference; lastKnownFileType = sourcecode.swift; path = OrientationTests.swift; sourceTree = "<group>"; };
		B2000026 /* StressTests.swift */ = {isa = PBXFileReference; lastKnownFileType = sourcecode.swift; path = StressTests.swift; sourceTree = "<group>"; };
		B2000027 /* ThemePickerTests.swift */ = {isa = PBXFileReference; lastKnownFileType = sourcecode.swift; path = ThemePickerTests.swift; sourceTree = "<group>"; };
		B2000028 /* FontPickerTests.swift */ = {isa = PBXFileReference; lastKnownFileType = sourcecode.swift; path = FontPickerTests.swift; sourceTree = "<group>"; };
		B2000029 /* SettingsValueChangeTests.swift */ = {isa = PBXFileReference; lastKnownFileType = sourcecode.swift; path = SettingsValueChangeTests.swift; sourceTree = "<group>"; };
		B200002A /* ProfileCRUDTests.swift */ = {isa = PBXFileReference; lastKnownFileType = sourcecode.swift; path = ProfileCRUDTests.swift; sourceTree = "<group>"; };
		B200002B /* ConnectionEditorValidationTests.swift */ = {isa = PBXFileReference; lastKnownFileType = sourcecode.swift; path = ConnectionEditorValidationTests.swift; sourceTree = "<group>"; };
		B200002C /* SSHKeyGeneratorTests.swift */ = {isa = PBXFileReference; lastKnownFileType = sourcecode.swift; path = SSHKeyGeneratorTests.swift; sourceTree = "<group>"; };
		B200002D /* QuickConnectInlineTests.swift */ = {isa = PBXFileReference; lastKnownFileType = sourcecode.swift; path = QuickConnectInlineTests.swift; sourceTree = "<group>"; };
		B200002E /* MenuBarTests.swift */ = {isa = PBXFileReference; lastKnownFileType = sourcecode.swift; path = MenuBarTests.swift; sourceTree = "<group>"; };
		B200002F /* LayoutStabilityTests.swift */ = {isa = PBXFileReference; lastKnownFileType = sourcecode.swift; path = LayoutStabilityTests.swift; sourceTree = "<group>"; };
		B2000030 /* KeyboardShortcutRoutingTests.swift */ = {isa = PBXFileReference; lastKnownFileType = sourcecode.swift; path = KeyboardShortcutRoutingTests.swift; sourceTree = "<group>"; };
		B2000010 /* GeisttyUITests.xctest */ = {isa = PBXFileReference; explicitFileType = wrapper.cfbundle; includeInIndex = 0; path = GeisttyUITests.xctest; sourceTree = BUILT_PRODUCTS_DIR; };
		A2000001 /* GeisttyApp.swift */ = {isa = PBXFileReference; lastKnownFileType = sourcecode.swift; path = GeisttyApp.swift; sourceTree = "<group>"; };
		A2000002 /* ContentView.swift */ = {isa = PBXFileReference; lastKnownFileType = sourcecode.swift; path = ContentView.swift; sourceTree = "<group>"; };
		A2000003 /* TerminalContainerView.swift */ = {isa = PBXFileReference; lastKnownFileType = sourcecode.swift; path = TerminalContainerView.swift; sourceTree = "<group>"; };
		A20000A3 /* TerminalToolbar.swift */ = {isa = PBXFileReference; lastKnownFileType = sourcecode.swift; path = TerminalToolbar.swift; sourceTree = "<group>"; };
		A20000A4 /* RawTerminalUIViewController+Keyboard.swift */ = {isa = PBXFileReference; lastKnownFileType = sourcecode.swift; path = "RawTerminalUIViewController+Keyboard.swift"; sourceTree = "<group>"; };
		A20000A5 /* RawTerminalUIViewController+MenuBar.swift */ = {isa = PBXFileReference; lastKnownFileType = sourcecode.swift; path = "RawTerminalUIViewController+MenuBar.swift"; sourceTree = "<group>"; };
		A20000A6 /* RawTerminalUIViewController+Search.swift */ = {isa = PBXFileReference; lastKnownFileType = sourcecode.swift; path = "RawTerminalUIViewController+Search.swift"; sourceTree = "<group>"; };
		A20000A7 /* RawTerminalUIViewController+Shortcuts.swift */ = {isa = PBXFileReference; lastKnownFileType = sourcecode.swift; path = "RawTerminalUIViewController+Shortcuts.swift"; sourceTree = "<group>"; };
		A20000A8 /* RawTerminalUIViewController+Tmux.swift */ = {isa = PBXFileReference; lastKnownFileType = sourcecode.swift; path = "RawTerminalUIViewController+Tmux.swift"; sourceTree = "<group>"; };
		A20000A9 /* RawTerminalUIViewController+WindowPicker.swift */ = {isa = PBXFileReference; lastKnownFileType = sourcecode.swift; path = "RawTerminalUIViewController+WindowPicker.swift"; sourceTree = "<group>"; };
		A20000AA /* TmuxStatusBarView.swift */ = {isa = PBXFileReference; lastKnownFileType = sourcecode.swift; path = TmuxStatusBarView.swift; sourceTree = "<group>"; };
		A20000AB /* RawTerminalUIViewController+StatusBar.swift */ = {isa = PBXFileReference; lastKnownFileType = sourcecode.swift; path = "RawTerminalUIViewController+StatusBar.swift"; sourceTree = "<group>"; };
		A2000004 /* SSHSession.swift */ = {isa = PBXFileReference; lastKnownFileType = sourcecode.swift; path = SSHSession.swift; sourceTree = "<group>"; };
		A20000B0 /* MoshSession.swift */ = {isa = PBXFileReference; lastKnownFileType = sourcecode.swift; path = MoshSession.swift; sourceTree = "<group>"; };
		A2000006 /* Assets.xcassets */ = {isa = PBXFileReference; lastKnownFileType = folder.assetcatalog; path = Assets.xcassets; sourceTree = "<group>"; };
		A2000007 /* DepartureMono-Regular.otf */ = {isa = PBXFileReference; lastKnownFileType = file; path = "DepartureMono-Regular.otf"; sourceTree = "<group>"; };
		A2000008 /* Info.plist */ = {isa = PBXFileReference; lastKnownFileType = text.plist.xml; path = Info.plist; sourceTree = "<group>"; };
		A2000010 /* Geistty.app */ = {isa = PBXFileReference; explicitFileType = wrapper.application; includeInIndex = 0; path = Geistty.app; sourceTree = BUILT_PRODUCTS_DIR; };
		A2000011 /* Ghostty.swift */ = {isa = PBXFileReference; lastKnownFileType = sourcecode.swift; path = Ghostty.swift; sourceTree = "<group>"; };
		A2000C01 /* Ghostty.Config.swift */ = {isa = PBXFileReference; lastKnownFileType = sourcecode.swift; path = Ghostty.Config.swift; sourceTree = "<group>"; };
		A2000C02 /* Ghostty.App.swift */ = {isa = PBXFileReference; lastKnownFileType = sourcecode.swift; path = Ghostty.App.swift; sourceTree = "<group>"; };
		A2000C03 /* Ghostty.SurfaceConfiguration.swift */ = {isa = PBXFileReference; lastKnownFileType = sourcecode.swift; path = Ghostty.SurfaceConfiguration.swift; sourceTree = "<group>"; };
		A2000C04 /* Ghostty.SearchState.swift */ = {isa = PBXFileReference; lastKnownFileType = sourcecode.swift; path = Ghostty.SearchState.swift; sourceTree = "<group>"; };
		A2000C05 /* TmuxSurfaceProtocol.swift */ = {isa = PBXFileReference; lastKnownFileType = sourcecode.swift; path = TmuxSurfaceProtocol.swift; sourceTree = "<group>"; };
		A2000C06 /* Ghostty.Command.swift */ = {isa = PBXFileReference; lastKnownFileType = sourcecode.swift; path = Ghostty.Command.swift; sourceTree = "<group>"; };
		A2000C07 /* CommandPaletteView.swift */ = {isa = PBXFileReference; lastKnownFileType = sourcecode.swift; path = CommandPaletteView.swift; sourceTree = "<group>"; };
		A2000013 /* GhosttyKit.xcframework */ = {isa = PBXFileReference; lastKnownFileType = wrapper.xcframework; path = GhosttyKit.xcframework; sourceTree = "<group>"; };
		A2000014 /* GhosttyInput.swift */ = {isa = PBXFileReference; lastKnownFileType = sourcecode.swift; path = GhosttyInput.swift; sourceTree = "<group>"; };
		A2000020 /* KeychainManager.swift */ = {isa = PBXFileReference; lastKnownFileType = sourcecode.swift; path = KeychainManager.swift; sourceTree = "<group>"; };
		A2000021 /* SSHKeyManager.swift */ = {isa = PBXFileReference; lastKnownFileType = sourcecode.swift; path = SSHKeyManager.swift; sourceTree = "<group>"; };
		A2000022 /* ConnectionProfile.swift */ = {isa = PBXFileReference; lastKnownFileType = sourcecode.swift; path = ConnectionProfile.swift; sourceTree = "<group>"; };
		A2000023 /* CredentialProvider.swift */ = {isa = PBXFileReference; lastKnownFileType = sourcecode.swift; path = CredentialProvider.swift; sourceTree = "<group>"; };
		A2000024 /* SSHKeyParser.swift */ = {isa = PBXFileReference; lastKnownFileType = sourcecode.swift; path = SSHKeyParser.swift; sourceTree = "<group>"; };
		A2000025 /* BiometricGatekeeper.swift */ = {isa = PBXFileReference; lastKnownFileType = sourcecode.swift; path = BiometricGatekeeper.swift; sourceTree = "<group>"; };
		A2000030 /* ConnectionListView.swift */ = {isa = PBXFileReference; lastKnownFileType = sourcecode.swift; path = ConnectionListView.swift; sourceTree = "<group>"; };
		A2000031 /* ConnectionEditorView.swift */ = {isa = PBXFileReference; lastKnownFileType = sourcecode.swift; path = ConnectionEditorView.swift; sourceTree = "<group>"; };
		A2000050 /* SettingsView.swift */ = {isa = PBXFileReference; lastKnownFileType = sourcecode.swift; path = SettingsView.swift; sourceTree = "<group>"; };
		A2000060 /* Theme.swift */ = {isa = PBXFileReference; lastKnownFileType = sourcecode.swift; path = Theme.swift; sourceTree = "<group>"; };
		A2000061 /* themes */ = {isa = PBXFileReference; lastKnownFileType = folder; path = themes; sourceTree = "<group>"; };
		A2000070 /* JetBrainsMono-Regular.ttf */ = {isa = PBXFileReference; lastKnownFileType = file; path = "JetBrainsMono-Regular.ttf"; sourceTree = "<group>"; };
		A2000071 /* JetBrainsMono-Bold.ttf */ = {isa = PBXFileReference; lastKnownFileType = file; path = "JetBrainsMono-Bold.ttf"; sourceTree = "<group>"; };
		A2000072 /* FiraCode-Regular.ttf */ = {isa = PBXFileReference; lastKnownFileType = file; path = "FiraCode-Regular.ttf"; sourceTree = "<group>"; };
		A2000073 /* FiraCode-Bold.ttf */ = {isa = PBXFileReference; lastKnownFileType = file; path = "FiraCode-Bold.ttf"; sourceTree = "<group>"; };
		A2000074 /* Hack-Regular.ttf */ = {isa = PBXFileReference; lastKnownFileType = file; path = "Hack-Regular.ttf"; sourceTree = "<group>"; };
		A2000075 /* Hack-Bold.ttf */ = {isa = PBXFileReference; lastKnownFileType = file; path = "Hack-Bold.ttf"; sourceTree = "<group>"; };
		A2000076 /* SourceCodePro-Regular.otf */ = {isa = PBXFileReference; lastKnownFileType = file; path = "SourceCodePro-Regular.otf"; sourceTree = "<group>"; };
		A2000077 /* SourceCodePro-Bold.otf */ = {isa = PBXFileReference; lastKnownFileType = file; path = "SourceCodePro-Bold.otf"; sourceTree = "<group>"; };
		A2000078 /* IBMPlexMono-Regular.ttf */ = {isa = PBXFileReference; lastKnownFileType = file; path = "IBMPlexMono-Regular.ttf"; sourceTree = "<group>"; };
		A2000079 /* IBMPlexMono-Bold.ttf */ = {isa = PBXFileReference; lastKnownFileType = file; path = "IBMPlexMono-Bold.ttf"; sourceTree = "<group>"; };
		A200007A /* Inconsolata-Regular.ttf */ = {isa = PBXFileReference; lastKnownFileType = file; path = "Inconsolata-Regular.ttf"; sourceTree = "<group>"; };
		A200007B /* Inconsolata-Bold.ttf */ = {isa = PBXFileReference; lastKnownFileType = file; path = "Inconsolata-Bold.ttf"; sourceTree = "<group>"; };
		A200007C /* AtkinsonHyperlegibleMono-Regular.ttf */ = {isa = PBXFileReference; lastKnownFileType = file; path = "AtkinsonHyperlegibleMono-Regular.ttf"; sourceTree = "<group>"; };
		A200007D /* AtkinsonHyperlegibleMono-Bold.ttf */ = {isa = PBXFileReference; lastKnownFileType = file; path = "AtkinsonHyperlegibleMono-Bold.ttf"; sourceTree = "<group>"; };
		A20000AC /* OpenDyslexicNerdFont-Regular.otf */ = {isa = PBXFileReference; lastKnownFileType = file; path = "OpenDyslexicNerdFont-Regular.otf"; sourceTree = "<group>"; };
		A20000AD /* OpenDyslexicNerdFont-Bold.otf */ = {isa = PBXFileReference; lastKnownFileType = file; path = "OpenDyslexicNerdFont-Bold.otf"; sourceTree = "<group>"; };
		A2000080 /* SurfaceSearchOverlay.swift */ = {isa = PBXFileReference; lastKnownFileType = sourcecode.swift; path = SurfaceSearchOverlay.swift; sourceTree = "<group>"; };
		A2000082 /* TmuxModels.swift */ = {isa = PBXFileReference; lastKnownFileType = sourcecode.swift; path = TmuxModels.swift; sourceTree = "<group>"; };
		A2000083 /* TmuxSessionManager.swift */ = {isa = PBXFileReference; lastKnownFileType = sourcecode.swift; path = TmuxSessionManager.swift; sourceTree = "<group>"; };
		A2000084 /* TmuxLayout.swift */ = {isa = PBXFileReference; lastKnownFileType = sourcecode.swift; path = TmuxLayout.swift; sourceTree = "<group>"; };
		A2000085 /* TmuxSplitTree.swift */ = {isa = PBXFileReference; lastKnownFileType = sourcecode.swift; path = TmuxSplitTree.swift; sourceTree = "<group>"; };
		A2000086 /* TmuxSplitView.swift */ = {isa = PBXFileReference; lastKnownFileType = sourcecode.swift; path = TmuxSplitView.swift; sourceTree = "<group>"; };
		A2000087 /* TmuxMultiPaneView.swift */ = {isa = PBXFileReference; lastKnownFileType = sourcecode.swift; path = TmuxMultiPaneView.swift; sourceTree = "<group>"; };
		A2000088 /* TmuxWindowPickerView.swift */ = {isa = PBXFileReference; lastKnownFileType = sourcecode.swift; path = TmuxWindowPickerView.swift; sourceTree = "<group>"; };
		A2000089 /* TmuxSessionPickerView.swift */ = {isa = PBXFileReference; lastKnownFileType = sourcecode.swift; path = TmuxSessionPickerView.swift; sourceTree = "<group>"; };
		A2000090 /* NIOSSHConnection.swift */ = {isa = PBXFileReference; lastKnownFileType = sourcecode.swift; path = NIOSSHConnection.swift; sourceTree = "<group>"; };
		A2000026 /* SSHCommandRunner.swift */ = {isa = PBXFileReference; lastKnownFileType = sourcecode.swift; path = SSHCommandRunner.swift; sourceTree = "<group>"; };
		A20000A0 /* FontMapping.swift */ = {isa = PBXFileReference; lastKnownFileType = sourcecode.swift; path = FontMapping.swift; sourceTree = "<group>"; };
		A20000A2 /* KeyTableIndicatorView.swift */ = {isa = PBXFileReference; lastKnownFileType = sourcecode.swift; path = KeyTableIndicatorView.swift; sourceTree = "<group>"; };
		A2000096 /* TmuxSessionNameResolver.swift */ = {isa = PBXFileReference; lastKnownFileType = sourcecode.swift; path = TmuxSessionNameResolver.swift; sourceTree = "<group>"; };
		A2000C08 /* TmuxWireDiagnostics.swift */ = {isa = PBXFileReference; lastKnownFileType = sourcecode.swift; path = TmuxWireDiagnostics.swift; sourceTree = "<group>"; };
		A2000C09 /* SelectionOverlay.swift */ = {isa = PBXFileReference; lastKnownFileType = sourcecode.swift; path = SelectionOverlay.swift; sourceTree = "<group>"; };

		D1000001 /* GeisttyTests.xctest */ = {isa = PBXFileReference; explicitFileType = wrapper.cfbundle; includeInIndex = 0; path = GeisttyTests.xctest; sourceTree = BUILT_PRODUCTS_DIR; };
		D2000013 /* FontMappingTests.swift */ = {isa = PBXFileReference; lastKnownFileType = sourcecode.swift; path = FontMappingTests.swift; sourceTree = "<group>"; };
		D2000014 /* ConnectionProfileTests.swift */ = {isa = PBXFileReference; lastKnownFileType = sourcecode.swift; path = ConnectionProfileTests.swift; sourceTree = "<group>"; };
		D2000015 /* GhosttyInputTests.swift */ = {isa = PBXFileReference; lastKnownFileType = sourcecode.swift; path = GhosttyInputTests.swift; sourceTree = "<group>"; };
		D2000016 /* TmuxModelsTests.swift */ = {isa = PBXFileReference; lastKnownFileType = sourcecode.swift; path = TmuxModelsTests.swift; sourceTree = "<group>"; };
		D2000017 /* TmuxLayoutTests.swift */ = {isa = PBXFileReference; lastKnownFileType = sourcecode.swift; path = TmuxLayoutTests.swift; sourceTree = "<group>"; };
		D2000018 /* TmuxSplitTreeTests.swift */ = {isa = PBXFileReference; lastKnownFileType = sourcecode.swift; path = TmuxSplitTreeTests.swift; sourceTree = "<group>"; };
		D2000020 /* TmuxSessionNameResolverTests.swift */ = {isa = PBXFileReference; lastKnownFileType = sourcecode.swift; path = TmuxSessionNameResolverTests.swift; sourceTree = "<group>"; };

		D2000022 /* TmuxViewerReadyTests.swift */ = {isa = PBXFileReference; lastKnownFileType = sourcecode.swift; path = TmuxViewerReadyTests.swift; sourceTree = "<group>"; };
		D2000037 /* BackgroundTaskTests.swift */ = {isa = PBXFileReference; lastKnownFileType = sourcecode.swift; path = BackgroundTaskTests.swift; sourceTree = "<group>"; };
		D2000023 /* ResizeTimingTests.swift */ = {isa = PBXFileReference; lastKnownFileType = sourcecode.swift; path = ResizeTimingTests.swift; sourceTree = "<group>"; };
		D2000024 /* ConfigSyncThemeTests.swift */ = {isa = PBXFileReference; lastKnownFileType = sourcecode.swift; path = ConfigSyncThemeTests.swift; sourceTree = "<group>"; };
		D2000025 /* ConfigIntrospectionTests.swift */ = {isa = PBXFileReference; lastKnownFileType = sourcecode.swift; path = ConfigIntrospectionTests.swift; sourceTree = "<group>"; };
		D2000026 /* TmuxStateReconciliationTests.swift */ = {isa = PBXFileReference; lastKnownFileType = sourcecode.swift; path = TmuxStateReconciliationTests.swift; sourceTree = "<group>"; };
		D2000027 /* SSHKeyParserTests.swift */ = {isa = PBXFileReference; lastKnownFileType = sourcecode.swift; path = SSHKeyParserTests.swift; sourceTree = "<group>"; };
		D2000028 /* SSHKeyManagerTests.swift */ = {isa = PBXFileReference; lastKnownFileType = sourcecode.swift; path = SSHKeyManagerTests.swift; sourceTree = "<group>"; };
		D2000029 /* KeychainManagerTests.swift */ = {isa = PBXFileReference; lastKnownFileType = sourcecode.swift; path = KeychainManagerTests.swift; sourceTree = "<group>"; };
		D2000030 /* MockTmuxSurface.swift */ = {isa = PBXFileReference; lastKnownFileType = sourcecode.swift; path = MockTmuxSurface.swift; sourceTree = "<group>"; };
		D2000031 /* MockSSHSessionDelegate.swift */ = {isa = PBXFileReference; lastKnownFileType = sourcecode.swift; path = MockSSHSessionDelegate.swift; sourceTree = "<group>"; };
		D2000032 /* TmuxConnectionLifecycleTests.swift */ = {isa = PBXFileReference; lastKnownFileType = sourcecode.swift; path = TmuxConnectionLifecycleTests.swift; sourceTree = "<group>"; };
		D2000033 /* TmuxDataFlowTests.swift */ = {isa = PBXFileReference; lastKnownFileType = sourcecode.swift; path = TmuxDataFlowTests.swift; sourceTree = "<group>"; };
		D2000034 /* TmuxSessionManagerTests.swift */ = {isa = PBXFileReference; lastKnownFileType = sourcecode.swift; path = TmuxSessionManagerTests.swift; sourceTree = "<group>"; };
		D2000035 /* CommandPaletteTests.swift */ = {isa = PBXFileReference; lastKnownFileType = sourcecode.swift; path = CommandPaletteTests.swift; sourceTree = "<group>"; };
		D2000036 /* TmuxWireDiagnosticsTests.swift */ = {isa = PBXFileReference; lastKnownFileType = sourcecode.swift; path = TmuxWireDiagnosticsTests.swift; sourceTree = "<group>"; };
		D2000038 /* SelectionOverlayTests.swift */ = {isa = PBXFileReference; lastKnownFileType = sourcecode.swift; path = SelectionOverlayTests.swift; sourceTree = "<group>"; };
/* End PBXFileReference section */

/* Begin PBXFrameworksBuildPhase section */
		A4000001 /* Frameworks */ = {
			isa = PBXFrameworksBuildPhase;
			buildActionMask = 2147483647;
			files = (
				A1000012 /* GhosttyKit.xcframework in Frameworks */,
				A1000091 /* NIOSSH in Frameworks */,
				A1000092 /* NIOTransportServices in Frameworks */,
			);
			runOnlyForDeploymentPostprocessing = 0;
		};
		B8000002 /* Frameworks */ = {
			isa = PBXFrameworksBuildPhase;
			buildActionMask = 2147483647;
			files = (
			);
			runOnlyForDeploymentPostprocessing = 0;
		};
		D4000001 /* Frameworks */ = {
			isa = PBXFrameworksBuildPhase;
			buildActionMask = 2147483647;
			files = (
			);
			runOnlyForDeploymentPostprocessing = 0;
		};
/* End PBXFrameworksBuildPhase section */

/* Begin PBXGroup section */
		A5000001 = {
			isa = PBXGroup;
			children = (
				D5000002 /* GeisttyTests */,
				A5000002 /* Sources */,
				A5000012 /* Resources */,
				A5000006 /* Frameworks */,
				A2000006 /* Assets.xcassets */,
				A2000008 /* Info.plist */,
				A5000010 /* Products */,
				B5000001 /* GeisttyUITests */,
			);
			sourceTree = "<group>";
		};
		A5000002 /* Sources */ = {
			isa = PBXGroup;
			children = (
				A5000003 /* App */,
				A5000007 /* Ghostty */,
				A5000004 /* Terminal */,
				A5000005 /* SSH */,
				A5000008 /* Auth */,
				A5000009 /* UI */,
			);
			path = Sources;
			sourceTree = "<group>";
		};
		A5000003 /* App */ = {
			isa = PBXGroup;
			children = (
				A2000001 /* GeisttyApp.swift */,
				A2000002 /* ContentView.swift */,
			);
			path = App;
			sourceTree = "<group>";
		};
		A5000004 /* Terminal */ = {
			isa = PBXGroup;
			children = (
				A2000003 /* TerminalContainerView.swift */,
				A20000A3 /* TerminalToolbar.swift */,
				A20000A4 /* RawTerminalUIViewController+Keyboard.swift */,
				A20000A5 /* RawTerminalUIViewController+MenuBar.swift */,
				A20000A6 /* RawTerminalUIViewController+Search.swift */,
				A20000A7 /* RawTerminalUIViewController+Shortcuts.swift */,
				A20000A8 /* RawTerminalUIViewController+Tmux.swift */,
				A20000A9 /* RawTerminalUIViewController+WindowPicker.swift */,
				A20000AB /* RawTerminalUIViewController+StatusBar.swift */,
				A2000060 /* Theme.swift */,
				A2000087 /* TmuxMultiPaneView.swift */,
				A2000086 /* TmuxSplitView.swift */,
				A2000088 /* TmuxWindowPickerView.swift */,
				A20000AA /* TmuxStatusBarView.swift */,
				A2000089 /* TmuxSessionPickerView.swift */,
				A2000C07 /* CommandPaletteView.swift */,
			);
			path = Terminal;
			sourceTree = "<group>";
		};
		A5000005 /* SSH */ = {
			isa = PBXGroup;
			children = (
				A2000004 /* SSHSession.swift */,
				A20000B0 /* MoshSession.swift */,
				A2000090 /* NIOSSHConnection.swift */,
				A2000026 /* SSHCommandRunner.swift */,
				A2000084 /* TmuxLayout.swift */,
				A2000082 /* TmuxModels.swift */,
				A2000083 /* TmuxSessionManager.swift */,
				A2000096 /* TmuxSessionNameResolver.swift */,
				A2000085 /* TmuxSplitTree.swift */,
				A2000C08 /* TmuxWireDiagnostics.swift */,
			);
			path = SSH;
			sourceTree = "<group>";
		};
		A5000006 /* Frameworks */ = {
			isa = PBXGroup;
			children = (
				A2000013 /* GhosttyKit.xcframework */,
			);
			path = Frameworks;
			sourceTree = "<group>";
		};
		A5000007 /* Ghostty */ = {
			isa = PBXGroup;
			children = (
				A2000011 /* Ghostty.swift */,
				A2000C01 /* Ghostty.Config.swift */,
				A2000C02 /* Ghostty.App.swift */,
				A2000C03 /* Ghostty.SurfaceConfiguration.swift */,
				A2000C04 /* Ghostty.SearchState.swift */,
				A2000C05 /* TmuxSurfaceProtocol.swift */,
				A2000C06 /* Ghostty.Command.swift */,
				5ADFC7D999CE0A6CC53C7B39 /* ConfigSyncManager.swift */,
				A20000A0 /* FontMapping.swift */,
				A2000014 /* GhosttyInput.swift */,
				A2000080 /* SurfaceSearchOverlay.swift */,
				A2000C09 /* SelectionOverlay.swift */,
			);
			path = Ghostty;
			sourceTree = "<group>";
		};
		A5000008 /* Auth */ = {
			isa = PBXGroup;
			children = (
				A2000020 /* KeychainManager.swift */,
				A2000021 /* SSHKeyManager.swift */,
				A2000022 /* ConnectionProfile.swift */,
				A2000023 /* CredentialProvider.swift */,
				A2000024 /* SSHKeyParser.swift */,
				A2000025 /* BiometricGatekeeper.swift */,
			);
			path = Auth;
			sourceTree = "<group>";
		};
		A5000009 /* UI */ = {
			isa = PBXGroup;
			children = (
				A2000030 /* ConnectionListView.swift */,
				A2000031 /* ConnectionEditorView.swift */,
				A20000A2 /* KeyTableIndicatorView.swift */,
				A2000050 /* SettingsView.swift */,
					);
			path = UI;
			sourceTree = "<group>";
		};
		A5000010 /* Products */ = {
			isa = PBXGroup;
			children = (
				D1000001 /* GeisttyTests.xctest */,
				A2000010 /* Geistty.app */,
				B2000010 /* GeisttyUITests.xctest */,
			);
			name = Products;
			sourceTree = "<group>";
		};
		B5000001 /* GeisttyUITests */ = {
			isa = PBXGroup;
			children = (
				B2000001 /* GeisttyUITests.swift */,
				B2000002 /* TmuxPaneUITests.swift */,
				B2000003 /* TmuxSizingDebugTests.swift */,
				B2000004 /* ConnectedTests.swift */,
				B2000005 /* TestConfig.local.swift */,
				B5000002 /* Helpers */,
				B5000003 /* DisconnectedTests */,
				B5000004 /* ConnectedTests */,
			);
			path = GeisttyUITests;
			sourceTree = "<group>";
		};
		B5000002 /* Helpers */ = {
			isa = PBXGroup;
			children = (
				B2000006 /* UITestHelpers.swift */,
			);
			path = Helpers;
			sourceTree = "<group>";
		};
		B5000003 /* DisconnectedTests */ = {
			isa = PBXGroup;
			children = (
				B2000007 /* LaunchTests.swift */,
				B2000008 /* QuickConnectSheetTests.swift */,
				B2000009 /* ConnectionListTests.swift */,
				B200000A /* ConnectionEditorTests.swift */,
				B200000B /* SettingsTests.swift */,
				B200000C /* SSHKeyManagerTests.swift */,
				B200000D /* ErrorViewTests.swift */,
				B2000027 /* ThemePickerTests.swift */,
				B2000028 /* FontPickerTests.swift */,
				B2000029 /* SettingsValueChangeTests.swift */,
				B200002A /* ProfileCRUDTests.swift */,
				B200002B /* ConnectionEditorValidationTests.swift */,
				B200002C /* SSHKeyGeneratorTests.swift */,
				B200002D /* QuickConnectInlineTests.swift */,
				B200002E /* MenuBarTests.swift */,
				B200002F /* LayoutStabilityTests.swift */,
			);
			path = DisconnectedTests;
			sourceTree = "<group>";
		};
		B5000004 /* ConnectedTests */ = {
			isa = PBXGroup;
			children = (
				B200000E /* TerminalBasicTests.swift */,
				B200000F /* ToolbarTests.swift */,
				B2000020 /* SearchTests.swift */,
				B2000021 /* CommandPaletteTests.swift */,
				B2000022 /* FontSizeTests.swift */,
				B2000023 /* SplitPaneTests.swift */,
				B2000024 /* TmuxWindowTests.swift */,
				B2000025 /* OrientationTests.swift */,
				B2000026 /* StressTests.swift */,
				B2000030 /* KeyboardShortcutRoutingTests.swift */,
			);
			path = ConnectedTests;
			sourceTree = "<group>";
		};
		A5000012 /* Resources */ = {
			isa = PBXGroup;
			children = (
				A5000013 /* Fonts */,
				A2000061 /* themes */,
			);
			path = Resources;
			sourceTree = "<group>";
		};
		A5000013 /* Fonts */ = {
			isa = PBXGroup;
			children = (
				A2000007 /* DepartureMono-Regular.otf */,
				A2000070 /* JetBrainsMono-Regular.ttf */,
				A2000071 /* JetBrainsMono-Bold.ttf */,
				A2000072 /* FiraCode-Regular.ttf */,
				A2000073 /* FiraCode-Bold.ttf */,
				A2000074 /* Hack-Regular.ttf */,
				A2000075 /* Hack-Bold.ttf */,
				A2000076 /* SourceCodePro-Regular.otf */,
				A2000077 /* SourceCodePro-Bold.otf */,
				A2000078 /* IBMPlexMono-Regular.ttf */,
				A2000079 /* IBMPlexMono-Bold.ttf */,
				A200007A /* Inconsolata-Regular.ttf */,
				A200007B /* Inconsolata-Bold.ttf */,
				A200007C /* AtkinsonHyperlegibleMono-Regular.ttf */,
				A200007D /* AtkinsonHyperlegibleMono-Bold.ttf */,
				A20000AC /* OpenDyslexicNerdFont-Regular.otf */,
				A20000AD /* OpenDyslexicNerdFont-Bold.otf */,
			);
			path = Fonts;
			sourceTree = "<group>";
		};
		D5000002 /* GeisttyTests */ = {
			isa = PBXGroup;
			children = (
				D2000013 /* FontMappingTests.swift */,
				D2000014 /* ConnectionProfileTests.swift */,
			D2000015 /* GhosttyInputTests.swift */,
				D2000016 /* TmuxModelsTests.swift */,
				D2000017 /* TmuxLayoutTests.swift */,
				D2000018 /* TmuxSplitTreeTests.swift */,
				D2000020 /* TmuxSessionNameResolverTests.swift */,
				D2000022 /* TmuxViewerReadyTests.swift */,
				D2000023 /* ResizeTimingTests.swift */,
				D2000024 /* ConfigSyncThemeTests.swift */,
				D2000025 /* ConfigIntrospectionTests.swift */,
				D2000026 /* TmuxStateReconciliationTests.swift */,
				D2000027 /* SSHKeyParserTests.swift */,
				D2000028 /* SSHKeyManagerTests.swift */,
				D2000029 /* KeychainManagerTests.swift */,
				D2000030 /* MockTmuxSurface.swift */,
				D2000031 /* MockSSHSessionDelegate.swift */,
				D2000032 /* TmuxConnectionLifecycleTests.swift */,
				D2000033 /* TmuxDataFlowTests.swift */,
				D2000034 /* TmuxSessionManagerTests.swift */,
				D2000035 /* CommandPaletteTests.swift */,
				D2000036 /* TmuxWireDiagnosticsTests.swift */,
				D2000037 /* BackgroundTaskTests.swift */,
				D2000038 /* SelectionOverlayTests.swift */,
		);
		path = GeisttyTests;
			sourceTree = "<group>";
		};
/* End PBXGroup section */

/* Begin PBXNativeTarget section */
		A6000001 /* Geistty */ = {
			isa = PBXNativeTarget;
			buildConfigurationList = A7000001 /* Build configuration list for PBXNativeTarget "Geistty" */;
			buildPhases = (
				A8000001 /* Sources */,
				A4000001 /* Frameworks */,
				A9000001 /* Resources */,
				A3000001 /* Embed Frameworks */,
				C3000002 /* Embed Foundation Extensions */,
			);
			buildRules = (
			);
			dependencies = (
			);
			name = Geistty;
			packageProductDependencies = (
				AE000002 /* NIOSSH */,
				AE000003 /* NIOTransportServices */,
			);
			productName = Geistty;
			productReference = A2000010 /* Geistty.app */;
			productType = "com.apple.product-type.application";
		};
		B6000001 /* GeisttyUITests */ = {
			isa = PBXNativeTarget;
			buildConfigurationList = B7000001 /* Build configuration list for PBXNativeTarget "GeisttyUITests" */;
			buildPhases = (
				B8000001 /* Sources */,
				B8000002 /* Frameworks */,
				B8000003 /* Resources */,
			);
			buildRules = (
			);
			dependencies = (
				B6000002 /* PBXTargetDependency */,
			);
			name = GeisttyUITests;
			productName = GeisttyUITests;
			productReference = B2000010 /* GeisttyUITests.xctest */;
			productType = "com.apple.product-type.bundle.ui-testing";
		};
		D6000001 /* GeisttyTests */ = {
			isa = PBXNativeTarget;
			buildConfigurationList = DA000001 /* Build configuration list for PBXNativeTarget "GeisttyTests" */;
			buildPhases = (
				D7000001 /* Sources */,
				D4000001 /* Frameworks */,
				D5000001 /* Resources */,
			);
			buildRules = (
			);
			dependencies = (
				D3000002 /* PBXTargetDependency */,
			);
			name = GeisttyTests;
			productName = GeisttyTests;
			productReference = D1000001 /* GeisttyTests.xctest */;
			productType = "com.apple.product-type.bundle.unit-test";
		};
/* End PBXNativeTarget section */

/* Begin PBXProject section */
		AA000001 /* Project object */ = {
			isa = PBXProject;
			attributes = {
				BuildIndependentTargetsInParallel = 1;
				LastSwiftUpdateCheck = 1500;
				LastUpgradeCheck = 2610;
				TargetAttributes = {
					A6000001 = {
						CreatedOnToolsVersion = 15.0;
					};
					B6000001 = {
						CreatedOnToolsVersion = 15.0;
						TestTargetID = A6000001;
					};
				};
			};
			buildConfigurationList = AB000001 /* Build configuration list for PBXProject "Geistty" */;
			compatibilityVersion = "Xcode 14.0";
			developmentRegion = en;
			hasScannedForEncodings = 0;
			knownRegions = (
				en,
				Base,
			);
			mainGroup = A5000001;
			packageReferences = (
				AF000002 /* XCRemoteSwiftPackageReference "swift-nio-ssh" */,
				AF000003 /* XCRemoteSwiftPackageReference "swift-nio-transport-services" */,
			);
			productRefGroup = A5000010 /* Products */;
			projectDirPath = "";
			projectRoot = "";
			targets = (
				A6000001 /* Geistty */,
				D6000001 /* GeisttyTests */,
				B6000001 /* GeisttyUITests */,
			);
		};
/* End PBXProject section */

/* Begin PBXResourcesBuildPhase section */
		A9000001 /* Resources */ = {
			isa = PBXResourcesBuildPhase;
			buildActionMask = 2147483647;
			files = (
				A1000006 /* Assets.xcassets in Resources */,
				A1000007 /* DepartureMono-Regular.otf in Resources */,
				A1000070 /* JetBrainsMono-Regular.ttf in Resources */,
				A1000071 /* JetBrainsMono-Bold.ttf in Resources */,
				A1000072 /* FiraCode-Regular.ttf in Resources */,
				A1000073 /* FiraCode-Bold.ttf in Resources */,
				A1000074 /* Hack-Regular.ttf in Resources */,
				A1000075 /* Hack-Bold.ttf in Resources */,
				A1000076 /* SourceCodePro-Regular.otf in Resources */,
				A1000077 /* SourceCodePro-Bold.otf in Resources */,
				A1000078 /* IBMPlexMono-Regular.ttf in Resources */,
				A1000079 /* IBMPlexMono-Bold.ttf in Resources */,
				A100007A /* Inconsolata-Regular.ttf in Resources */,
				A100007B /* Inconsolata-Bold.ttf in Resources */,
				A100007C /* AtkinsonHyperlegibleMono-Regular.ttf in Resources */,
				A100007D /* AtkinsonHyperlegibleMono-Bold.ttf in Resources */,
				A10000AC /* OpenDyslexicNerdFont-Regular.otf in Resources */,
				A10000AD /* OpenDyslexicNerdFont-Bold.otf in Resources */,
				A1000061 /* themes in Resources */,
			);
			runOnlyForDeploymentPostprocessing = 0;
		};
		B8000003 /* Resources */ = {
			isa = PBXResourcesBuildPhase;
			buildActionMask = 2147483647;
			files = (
			);
			runOnlyForDeploymentPostprocessing = 0;
		};
		D5000001 /* Resources */ = {
			isa = PBXResourcesBuildPhase;
			buildActionMask = 2147483647;
			files = (
			);
			runOnlyForDeploymentPostprocessing = 0;
		};
/* End PBXResourcesBuildPhase section */

/* Begin PBXSourcesBuildPhase section */
		A8000001 /* Sources */ = {
			isa = PBXSourcesBuildPhase;
			buildActionMask = 2147483647;
			files = (
				A1000001 /* GeisttyApp.swift in Sources */,
				A1000002 /* ContentView.swift in Sources */,
				A1000010 /* Ghostty.swift in Sources */,
				A1000C01 /* Ghostty.Config.swift in Sources */,
				A1000C02 /* Ghostty.App.swift in Sources */,
				A1000C03 /* Ghostty.SurfaceConfiguration.swift in Sources */,
				A1000C04 /* Ghostty.SearchState.swift in Sources */,
				A1000C05 /* TmuxSurfaceProtocol.swift in Sources */,
				A1000C06 /* Ghostty.Command.swift in Sources */,
				A1000C07 /* CommandPaletteView.swift in Sources */,
				708E9BFAE5C4A9C65A1CC66F /* ConfigSyncManager.swift in Sources */,
				A10000A0 /* FontMapping.swift in Sources */,
				A1000013 /* GhosttyInput.swift in Sources */,
				A1000080 /* SurfaceSearchOverlay.swift in Sources */,
				A1000C09 /* SelectionOverlay.swift in Sources */,
				A1000003 /* TerminalContainerView.swift in Sources */,
				A10000A3 /* TerminalToolbar.swift in Sources */,
				A10000A4 /* RawTerminalUIViewController+Keyboard.swift in Sources */,
				A10000A5 /* RawTerminalUIViewController+MenuBar.swift in Sources */,
				A10000A6 /* RawTerminalUIViewController+Search.swift in Sources */,
				A10000A7 /* RawTerminalUIViewController+Shortcuts.swift in Sources */,
				A10000A8 /* RawTerminalUIViewController+Tmux.swift in Sources */,
				A10000A9 /* RawTerminalUIViewController+WindowPicker.swift in Sources */,
				A10000AB /* RawTerminalUIViewController+StatusBar.swift in Sources */,
				A1000004 /* SSHSession.swift in Sources */,
				A10000B0 /* MoshSession.swift in Sources */,
				A1000090 /* NIOSSHConnection.swift in Sources */,
				A1000026 /* SSHCommandRunner.swift in Sources */,
				A1000084 /* TmuxLayout.swift in Sources */,
				A1000082 /* TmuxModels.swift in Sources */,
				A1000083 /* TmuxSessionManager.swift in Sources */,
				A1000096 /* TmuxSessionNameResolver.swift in Sources */,
				A1000085 /* TmuxSplitTree.swift in Sources */,
				A1000C08 /* TmuxWireDiagnostics.swift in Sources */,
				A1000086 /* TmuxSplitView.swift in Sources */,
				A1000087 /* TmuxMultiPaneView.swift in Sources */,
				A1000088 /* TmuxWindowPickerView.swift in Sources */,
				A10000AA /* TmuxStatusBarView.swift in Sources */,
				A1000089 /* TmuxSessionPickerView.swift in Sources */,
				A1000020 /* KeychainManager.swift in Sources */,
				A1000021 /* SSHKeyManager.swift in Sources */,
				A1000022 /* ConnectionProfile.swift in Sources */,
				A1000023 /* CredentialProvider.swift in Sources */,
				A1000024 /* SSHKeyParser.swift in Sources */,
				A1000025 /* BiometricGatekeeper.swift in Sources */,
				A1000030 /* ConnectionListView.swift in Sources */,
				A1000031 /* ConnectionEditorView.swift in Sources */,
				A1000050 /* SettingsView.swift in Sources */,
				A10000A2 /* KeyTableIndicatorView.swift in Sources */,
				A1000060 /* Theme.swift in Sources */,
			);
			runOnlyForDeploymentPostprocessing = 0;
		};
		B8000001 /* Sources */ = {
			isa = PBXSourcesBuildPhase;
			buildActionMask = 2147483647;
			files = (
				B1000001 /* GeisttyUITests.swift in Sources */,
				B1000002 /* TmuxPaneUITests.swift in Sources */,
				B1000003 /* TmuxSizingDebugTests.swift in Sources */,
				B1000004 /* ConnectedTests.swift in Sources */,
				B1000005 /* TestConfig.local.swift in Sources */,
				B1000006 /* UITestHelpers.swift in Sources */,
				B1000007 /* LaunchTests.swift in Sources */,
				B1000008 /* QuickConnectSheetTests.swift in Sources */,
				B1000009 /* ConnectionListTests.swift in Sources */,
				B100000A /* ConnectionEditorTests.swift in Sources */,
				B100000B /* SettingsTests.swift in Sources */,
				B100000C /* SSHKeyManagerTests.swift in Sources */,
				B100000D /* ErrorViewTests.swift in Sources */,
				B100000E /* TerminalBasicTests.swift in Sources */,
				B100000F /* ToolbarTests.swift in Sources */,
				B1000010 /* SearchTests.swift in Sources */,
				B1000011 /* CommandPaletteTests.swift in Sources */,
				B1000012 /* FontSizeTests.swift in Sources */,
				B1000013 /* SplitPaneTests.swift in Sources */,
				B1000014 /* TmuxWindowTests.swift in Sources */,
				B1000015 /* OrientationTests.swift in Sources */,
				B1000016 /* StressTests.swift in Sources */,
				B1000017 /* ThemePickerTests.swift in Sources */,
				B1000018 /* FontPickerTests.swift in Sources */,
				B1000019 /* SettingsValueChangeTests.swift in Sources */,
				B100001A /* ProfileCRUDTests.swift in Sources */,
				B100001B /* ConnectionEditorValidationTests.swift in Sources */,
				B100001C /* SSHKeyGeneratorTests.swift in Sources */,
				B100001D /* QuickConnectInlineTests.swift in Sources */,
				B100001E /* MenuBarTests.swift in Sources */,
				B100001F /* LayoutStabilityTests.swift in Sources */,
				B1000020 /* KeyboardShortcutRoutingTests.swift in Sources */,
			);
			runOnlyForDeploymentPostprocessing = 0;
		};
		D7000001 /* Sources */ = {
			isa = PBXSourcesBuildPhase;
			buildActionMask = 2147483647;
			files = (
				D1000013 /* FontMappingTests.swift in Sources */,
				D1000014 /* ConnectionProfileTests.swift in Sources */,
			D1000015 /* GhosttyInputTests.swift in Sources */,
				D1000016 /* TmuxModelsTests.swift in Sources */,
				D1000017 /* TmuxLayoutTests.swift in Sources */,
				D1000018 /* TmuxSplitTreeTests.swift in Sources */,
				D1000020 /* TmuxSessionNameResolverTests.swift in Sources */,
				D1000022 /* TmuxViewerReadyTests.swift in Sources */,
				D1000023 /* ResizeTimingTests.swift in Sources */,
				D1000024 /* ConfigSyncThemeTests.swift in Sources */,
				D1000025 /* ConfigIntrospectionTests.swift in Sources */,
				D1000026 /* TmuxStateReconciliationTests.swift in Sources */,
				D1000027 /* SSHKeyParserTests.swift in Sources */,
				D1000028 /* SSHKeyManagerTests.swift in Sources */,
				D1000029 /* KeychainManagerTests.swift in Sources */,
				D1000030 /* MockTmuxSurface.swift in Sources */,
				D1000031 /* MockSSHSessionDelegate.swift in Sources */,
				D1000032 /* TmuxConnectionLifecycleTests.swift in Sources */,
				D1000033 /* TmuxDataFlowTests.swift in Sources */,
				D1000034 /* TmuxSessionManagerTests.swift in Sources */,
				D1000035 /* CommandPaletteTests.swift in Sources */,
				D1000036 /* TmuxWireDiagnosticsTests.swift in Sources */,
				D1000037 /* BackgroundTaskTests.swift in Sources */,
				D1000038 /* SelectionOverlayTests.swift in Sources */,
		);
		runOnlyForDeploymentPostprocessing = 0;
	};
/* End PBXSourcesBuildPhase section */

/* Begin PBXTargetDependency section */
		B6000002 /* PBXTargetDependency */ = {
			isa = PBXTargetDependency;
			target = A6000001 /* Geistty */;
			targetProxy = B3000001 /* PBXContainerItemProxy */;
		};
		D3000002 /* PBXTargetDependency */ = {
			isa = PBXTargetDependency;
			target = A6000001 /* Geistty */;
			targetProxy = D3000001 /* PBXContainerItemProxy */;
		};
/* End PBXTargetDependency section */

/* Begin XCBuildConfiguration section */
		AC000001 /* Debug */ = {
			isa = XCBuildConfiguration;
			buildSettings = {
				ALWAYS_SEARCH_USER_PATHS = NO;
				ASSETCATALOG_COMPILER_GENERATE_SWIFT_ASSET_SYMBOL_EXTENSIONS = YES;
				CLANG_ANALYZER_NONNULL = YES;
				CLANG_ANALYZER_NUMBER_OBJECT_CONVERSION = YES_AGGRESSIVE;
				CLANG_CXX_LANGUAGE_STANDARD = "gnu++20";
				CLANG_ENABLE_MODULES = YES;
				CLANG_ENABLE_OBJC_ARC = YES;
				CLANG_ENABLE_OBJC_WEAK = YES;
				CLANG_WARN_BLOCK_CAPTURE_AUTORELEASING = YES;
				CLANG_WARN_BOOL_CONVERSION = YES;
				CLANG_WARN_COMMA = YES;
				CLANG_WARN_CONSTANT_CONVERSION = YES;
				CLANG_WARN_DEPRECATED_OBJC_IMPLEMENTATIONS = YES;
				CLANG_WARN_DIRECT_OBJC_ISA_USAGE = YES_ERROR;
				CLANG_WARN_DOCUMENTATION_COMMENTS = YES;
				CLANG_WARN_EMPTY_BODY = YES;
				CLANG_WARN_ENUM_CONVERSION = YES;
				CLANG_WARN_INFINITE_RECURSION = YES;
				CLANG_WARN_INT_CONVERSION = YES;
				CLANG_WARN_NON_LITERAL_NULL_CONVERSION = YES;
				CLANG_WARN_OBJC_IMPLICIT_RETAIN_SELF = YES;
				CLANG_WARN_OBJC_LITERAL_CONVERSION = YES;
				CLANG_WARN_OBJC_ROOT_CLASS = YES_ERROR;
				CLANG_WARN_QUOTED_INCLUDE_IN_FRAMEWORK_HEADER = YES;
				CLANG_WARN_RANGE_LOOP_ANALYSIS = YES;
				CLANG_WARN_STRICT_PROTOTYPES = YES;
				CLANG_WARN_SUSPICIOUS_MOVE = YES;
				CLANG_WARN_UNGUARDED_AVAILABILITY = YES_AGGRESSIVE;
				CLANG_WARN_UNREACHABLE_CODE = YES;
				CLANG_WARN__DUPLICATE_METHOD_MATCH = YES;
				COPY_PHASE_STRIP = NO;
				DEBUG_INFORMATION_FORMAT = dwarf;
				DEVELOPMENT_TEAM = DPF76SZNJB;
				ENABLE_STRICT_OBJC_MSGSEND = YES;
				ENABLE_TESTABILITY = YES;
				ENABLE_USER_SCRIPT_SANDBOXING = YES;
				GCC_C_LANGUAGE_STANDARD = gnu17;
				GCC_DYNAMIC_NO_PIC = NO;
				GCC_NO_COMMON_BLOCKS = YES;
				GCC_OPTIMIZATION_LEVEL = 0;
				GCC_PREPROCESSOR_DEFINITIONS = (
					"DEBUG=1",
					"$(inherited)",
				);
				GCC_WARN_64_TO_32_BIT_CONVERSION = YES;
				GCC_WARN_ABOUT_RETURN_TYPE = YES_ERROR;
				GCC_WARN_UNDECLARED_SELECTOR = YES;
				GCC_WARN_UNINITIALIZED_AUTOS = YES_AGGRESSIVE;
				GCC_WARN_UNUSED_FUNCTION = YES;
				GCC_WARN_UNUSED_VARIABLE = YES;
				IPHONEOS_DEPLOYMENT_TARGET = 17.0;
				LOCALIZATION_PREFERS_STRING_CATALOGS = YES;
				MTL_ENABLE_DEBUG_INFO = INCLUDE_SOURCE;
				MTL_FAST_MATH = YES;
				ONLY_ACTIVE_ARCH = YES;
				SDKROOT = iphoneos;
				STRING_CATALOG_GENERATE_SYMBOLS = YES;
				SWIFT_ACTIVE_COMPILATION_CONDITIONS = "DEBUG $(inherited)";
				SWIFT_OPTIMIZATION_LEVEL = "-Onone";
			};
			name = Debug;
		};
		AC000002 /* Release */ = {
			isa = XCBuildConfiguration;
			buildSettings = {
				ALWAYS_SEARCH_USER_PATHS = NO;
				ASSETCATALOG_COMPILER_GENERATE_SWIFT_ASSET_SYMBOL_EXTENSIONS = YES;
				CLANG_ANALYZER_NONNULL = YES;
				CLANG_ANALYZER_NUMBER_OBJECT_CONVERSION = YES_AGGRESSIVE;
				CLANG_CXX_LANGUAGE_STANDARD = "gnu++20";
				CLANG_ENABLE_MODULES = YES;
				CLANG_ENABLE_OBJC_ARC = YES;
				CLANG_ENABLE_OBJC_WEAK = YES;
				CLANG_WARN_BLOCK_CAPTURE_AUTORELEASING = YES;
				CLANG_WARN_BOOL_CONVERSION = YES;
				CLANG_WARN_COMMA = YES;
				CLANG_WARN_CONSTANT_CONVERSION = YES;
				CLANG_WARN_DEPRECATED_OBJC_IMPLEMENTATIONS = YES;
				CLANG_WARN_DIRECT_OBJC_ISA_USAGE = YES_ERROR;
				CLANG_WARN_DOCUMENTATION_COMMENTS = YES;
				CLANG_WARN_EMPTY_BODY = YES;
				CLANG_WARN_ENUM_CONVERSION = YES;
				CLANG_WARN_INFINITE_RECURSION = YES;
				CLANG_WARN_INT_CONVERSION = YES;
				CLANG_WARN_NON_LITERAL_NULL_CONVERSION = YES;
				CLANG_WARN_OBJC_IMPLICIT_RETAIN_SELF = YES;
				CLANG_WARN_OBJC_LITERAL_CONVERSION = YES;
				CLANG_WARN_OBJC_ROOT_CLASS = YES_ERROR;
				CLANG_WARN_QUOTED_INCLUDE_IN_FRAMEWORK_HEADER = YES;
				CLANG_WARN_RANGE_LOOP_ANALYSIS = YES;
				CLANG_WARN_STRICT_PROTOTYPES = YES;
				CLANG_WARN_SUSPICIOUS_MOVE = YES;
				CLANG_WARN_UNGUARDED_AVAILABILITY = YES_AGGRESSIVE;
				CLANG_WARN_UNREACHABLE_CODE = YES;
				CLANG_WARN__DUPLICATE_METHOD_MATCH = YES;
				COPY_PHASE_STRIP = NO;
				DEBUG_INFORMATION_FORMAT = "dwarf-with-dsym";
				DEVELOPMENT_TEAM = DPF76SZNJB;
				ENABLE_NS_ASSERTIONS = NO;
				ENABLE_STRICT_OBJC_MSGSEND = YES;
				ENABLE_USER_SCRIPT_SANDBOXING = YES;
				GCC_C_LANGUAGE_STANDARD = gnu17;
				GCC_NO_COMMON_BLOCKS = YES;
				GCC_WARN_64_TO_32_BIT_CONVERSION = YES;
				GCC_WARN_ABOUT_RETURN_TYPE = YES_ERROR;
				GCC_WARN_UNDECLARED_SELECTOR = YES;
				GCC_WARN_UNINITIALIZED_AUTOS = YES_AGGRESSIVE;
				GCC_WARN_UNUSED_FUNCTION = YES;
				GCC_WARN_UNUSED_VARIABLE = YES;
				IPHONEOS_DEPLOYMENT_TARGET = 17.0;
				LOCALIZATION_PREFERS_STRING_CATALOGS = YES;
				MTL_ENABLE_DEBUG_INFO = NO;
				MTL_FAST_MATH = YES;
				SDKROOT = iphoneos;
				STRING_CATALOG_GENERATE_SYMBOLS = YES;
				SWIFT_COMPILATION_MODE = wholemodule;
				VALIDATE_PRODUCT = YES;
			};
			name = Release;
		};
		AD000001 /* Debug */ = {
			isa = XCBuildConfiguration;
			buildSettings = {
				ASETCATALOG_COMPILER_GLOBAL_ACCENT_COLOR_NAME = AccentColor;
				ASSETCATALOG_COMPILER_APPICON_NAME = AppIcon;
				CODE_SIGN_ENTITLEMENTS = Geistty.entitlements;
				CODE_SIGN_STYLE = Automatic;
				CURRENT_PROJECT_VERSION = 2;
				DEVELOPMENT_TEAM = DPF76SZNJB;
				ENABLE_PREVIEWS = YES;
				GENERATE_INFOPLIST_FILE = YES;
				INFOPLIST_FILE = Info.plist;
				INFOPLIST_KEY_CFBundleDisplayName = Geistty;
				INFOPLIST_KEY_LSApplicationCategoryType = "public.app-category.developer-tools";
				INFOPLIST_KEY_UIApplicationSceneManifest_Generation = YES;
				INFOPLIST_KEY_UIApplicationSupportsIndirectInputEvents = YES;
				INFOPLIST_KEY_UILaunchScreen_Generation = YES;
				INFOPLIST_KEY_UISupportedInterfaceOrientations_iPad = "UIInterfaceOrientationPortrait UIInterfaceOrientationPortraitUpsideDown UIInterfaceOrientationLandscapeLeft UIInterfaceOrientationLandscapeRight";
				INFOPLIST_KEY_UISupportedInterfaceOrientations_iPhone = "UIInterfaceOrientationPortrait UIInterfaceOrientationLandscapeLeft UIInterfaceOrientationLandscapeRight";
				LD_RUNPATH_SEARCH_PATHS = (
					"$(inherited)",
					"@executable_path/Frameworks",
				);
				MARKETING_VERSION = 0.2.0;
				OTHER_LDFLAGS = "-lc++";
				"OTHER_SWIFT_FLAGS[sdk=iphoneos*]" = "-Xcc -fmodule-map-file=$(SRCROOT)/Frameworks/GhosttyKit.xcframework/ios-arm64/Headers/GhosttyKit.modulemap";
				"OTHER_SWIFT_FLAGS[sdk=iphonesimulator*]" = "-Xcc -fmodule-map-file=$(SRCROOT)/Frameworks/GhosttyKit.xcframework/ios-arm64-simulator/Headers/GhosttyKit.modulemap";
				PRODUCT_BUNDLE_IDENTIFIER = com.geistty.app;
				PRODUCT_NAME = "$(TARGET_NAME)";
				SUPPORTED_PLATFORMS = "iphoneos iphonesimulator";
				SUPPORTS_MACCATALYST = NO;
				SWIFT_EMIT_LOC_STRINGS = YES;
				"SWIFT_INCLUDE_PATHS[sdk=iphoneos*]" = "$(SRCROOT)/Frameworks/GhosttyKit.xcframework/ios-arm64/Headers";
				"SWIFT_INCLUDE_PATHS[sdk=iphonesimulator*]" = "$(SRCROOT)/Frameworks/GhosttyKit.xcframework/ios-arm64-simulator/Headers";
				SWIFT_VERSION = 5.0;
				TARGETED_DEVICE_FAMILY = "1,2";
			};
			name = Debug;
		};
		AD000002 /* Release */ = {
			isa = XCBuildConfiguration;
			buildSettings = {
				ASETCATALOG_COMPILER_GLOBAL_ACCENT_COLOR_NAME = AccentColor;
				ASSETCATALOG_COMPILER_APPICON_NAME = AppIcon;
				CODE_SIGN_ENTITLEMENTS = Geistty.entitlements;
				CODE_SIGN_STYLE = Automatic;
				CURRENT_PROJECT_VERSION = 2;
				DEVELOPMENT_TEAM = DPF76SZNJB;
				ENABLE_PREVIEWS = YES;
				GENERATE_INFOPLIST_FILE = YES;
				INFOPLIST_FILE = Info.plist;
				INFOPLIST_KEY_CFBundleDisplayName = Geistty;
				INFOPLIST_KEY_LSApplicationCategoryType = "public.app-category.developer-tools";
				INFOPLIST_KEY_UIApplicationSceneManifest_Generation = YES;
				INFOPLIST_KEY_UIApplicationSupportsIndirectInputEvents = YES;
				INFOPLIST_KEY_UILaunchScreen_Generation = YES;
				INFOPLIST_KEY_UISupportedInterfaceOrientations_iPad = "UIInterfaceOrientationPortrait UIInterfaceOrientationPortraitUpsideDown UIInterfaceOrientationLandscapeLeft UIInterfaceOrientationLandscapeRight";
				INFOPLIST_KEY_UISupportedInterfaceOrientations_iPhone = "UIInterfaceOrientationPortrait UIInterfaceOrientationLandscapeLeft UIInterfaceOrientationLandscapeRight";
				LD_RUNPATH_SEARCH_PATHS = (
					"$(inherited)",
					"@executable_path/Frameworks",
				);
				MARKETING_VERSION = 0.2.0;
				OTHER_LDFLAGS = "-lc++";
				"OTHER_SWIFT_FLAGS[sdk=iphoneos*]" = "-Xcc -fmodule-map-file=$(SRCROOT)/Frameworks/GhosttyKit.xcframework/ios-arm64/Headers/GhosttyKit.modulemap";
				"OTHER_SWIFT_FLAGS[sdk=iphonesimulator*]" = "-Xcc -fmodule-map-file=$(SRCROOT)/Frameworks/GhosttyKit.xcframework/ios-arm64-simulator/Headers/GhosttyKit.modulemap";
				PRODUCT_BUNDLE_IDENTIFIER = com.geistty.app;
				PRODUCT_NAME = "$(TARGET_NAME)";
				SUPPORTED_PLATFORMS = "iphoneos iphonesimulator";
				SUPPORTS_MACCATALYST = NO;
				SWIFT_EMIT_LOC_STRINGS = YES;
				"SWIFT_INCLUDE_PATHS[sdk=iphoneos*]" = "$(SRCROOT)/Frameworks/GhosttyKit.xcframework/ios-arm64/Headers";
				"SWIFT_INCLUDE_PATHS[sdk=iphonesimulator*]" = "$(SRCROOT)/Frameworks/GhosttyKit.xcframework/ios-arm64-simulator/Headers";
				SWIFT_VERSION = 5.0;
				TARGETED_DEVICE_FAMILY = "1,2";
			};
			name = Release;
		};
		BD000001 /* Debug */ = {
			isa = XCBuildConfiguration;
			buildSettings = {
				CODE_SIGN_STYLE = Automatic;
				CURRENT_PROJECT_VERSION = 1;
				DEVELOPMENT_TEAM = DPF76SZNJB;
				GENERATE_INFOPLIST_FILE = YES;
				IPHONEOS_DEPLOYMENT_TARGET = 17.0;
				MARKETING_VERSION = 1.0;
				PRODUCT_BUNDLE_IDENTIFIER = com.geistty.app.uitests;
				PRODUCT_NAME = "$(TARGET_NAME)";
				SUPPORTED_PLATFORMS = "iphoneos iphonesimulator";
				SUPPORTS_MACCATALYST = NO;
				SWIFT_EMIT_LOC_STRINGS = NO;
				SWIFT_VERSION = 5.0;
				TARGETED_DEVICE_FAMILY = "1,2";
				TEST_TARGET_NAME = Geistty;
			};
			name = Debug;
		};
		BD000002 /* Release */ = {
			isa = XCBuildConfiguration;
			buildSettings = {
				CODE_SIGN_STYLE = Automatic;
				CURRENT_PROJECT_VERSION = 1;
				DEVELOPMENT_TEAM = DPF76SZNJB;
				GENERATE_INFOPLIST_FILE = YES;
				IPHONEOS_DEPLOYMENT_TARGET = 17.0;
				MARKETING_VERSION = 1.0;
				PRODUCT_BUNDLE_IDENTIFIER = com.geistty.app.uitests;
				PRODUCT_NAME = "$(TARGET_NAME)";
				SUPPORTED_PLATFORMS = "iphoneos iphonesimulator";
				SUPPORTS_MACCATALYST = NO;
				SWIFT_EMIT_LOC_STRINGS = NO;
				SWIFT_VERSION = 5.0;
				TARGETED_DEVICE_FAMILY = "1,2";
				TEST_TARGET_NAME = Geistty;
			};
			name = Release;
		};
		DB000001 /* Debug */ = {
			isa = XCBuildConfiguration;
			buildSettings = {
				BUNDLE_LOADER = "$(TEST_HOST)";
				CODE_SIGN_STYLE = Automatic;
				CURRENT_PROJECT_VERSION = 1;
				DEVELOPMENT_TEAM = DPF76SZNJB;
				FRAMEWORK_SEARCH_PATHS = (
					"$(inherited)",
					"$(PROJECT_DIR)/Frameworks",
				);
				GENERATE_INFOPLIST_FILE = YES;
				"HEADER_SEARCH_PATHS[sdk=iphoneos*]" = (
					"$(inherited)",
					"$(PROJECT_DIR)/Frameworks/GhosttyKit.xcframework/ios-arm64/Headers",
				);
				"HEADER_SEARCH_PATHS[sdk=iphonesimulator*]" = (
					"$(inherited)",
					"$(PROJECT_DIR)/Frameworks/GhosttyKit.xcframework/ios-arm64-simulator/Headers",
				);
				INFOPLIST_KEY_CFBundleDisplayName = GeisttyTests;
				IPHONEOS_DEPLOYMENT_TARGET = 17.0;
				LD_RUNPATH_SEARCH_PATHS = (
					"$(inherited)",
					"@executable_path/Frameworks",
					"@loader_path/Frameworks",
				);
				MARKETING_VERSION = 1.0;
				"OTHER_SWIFT_FLAGS[sdk=iphoneos*]" = "-Xcc -fmodule-map-file=$(SRCROOT)/Frameworks/GhosttyKit.xcframework/ios-arm64/Headers/GhosttyKit.modulemap";
				"OTHER_SWIFT_FLAGS[sdk=iphonesimulator*]" = "-Xcc -fmodule-map-file=$(SRCROOT)/Frameworks/GhosttyKit.xcframework/ios-arm64-simulator/Headers/GhosttyKit.modulemap";
				PRODUCT_BUNDLE_IDENTIFIER = com.geistty.tests;
				PRODUCT_NAME = "$(TARGET_NAME)";
				SWIFT_EMIT_LOC_STRINGS = NO;
				"SWIFT_INCLUDE_PATHS[sdk=iphoneos*]" = (
					"$(inherited)",
					"$(PROJECT_DIR)/Frameworks/GhosttyKit.xcframework/ios-arm64/Headers",
				);
				"SWIFT_INCLUDE_PATHS[sdk=iphonesimulator*]" = (
					"$(inherited)",
					"$(PROJECT_DIR)/Frameworks/GhosttyKit.xcframework/ios-arm64-simulator/Headers",
				);
				SWIFT_VERSION = 5.0;
				TARGETED_DEVICE_FAMILY = "1,2";
				TEST_HOST = "$(BUILT_PRODUCTS_DIR)/Geistty.app/$(BUNDLE_EXECUTABLE_FOLDER_PATH)/Geistty";
			};
			name = Debug;
		};
		DC000001 /* Release */ = {
			isa = XCBuildConfiguration;
			buildSettings = {
				BUNDLE_LOADER = "$(TEST_HOST)";
				CODE_SIGN_STYLE = Automatic;
				CURRENT_PROJECT_VERSION = 1;
				DEVELOPMENT_TEAM = DPF76SZNJB;
				FRAMEWORK_SEARCH_PATHS = (
					"$(inherited)",
					"$(PROJECT_DIR)/Frameworks",
				);
				GENERATE_INFOPLIST_FILE = YES;
				"HEADER_SEARCH_PATHS[sdk=iphoneos*]" = (
					"$(inherited)",
					"$(PROJECT_DIR)/Frameworks/GhosttyKit.xcframework/ios-arm64/Headers",
				);
				"HEADER_SEARCH_PATHS[sdk=iphonesimulator*]" = (
					"$(inherited)",
					"$(PROJECT_DIR)/Frameworks/GhosttyKit.xcframework/ios-arm64-simulator/Headers",
				);
				INFOPLIST_KEY_CFBundleDisplayName = GeisttyTests;
				IPHONEOS_DEPLOYMENT_TARGET = 17.0;
				LD_RUNPATH_SEARCH_PATHS = (
					"$(inherited)",
					"@executable_path/Frameworks",
					"@loader_path/Frameworks",
				);
				MARKETING_VERSION = 1.0;
				"OTHER_SWIFT_FLAGS[sdk=iphoneos*]" = "-Xcc -fmodule-map-file=$(SRCROOT)/Frameworks/GhosttyKit.xcframework/ios-arm64/Headers/GhosttyKit.modulemap";
				"OTHER_SWIFT_FLAGS[sdk=iphonesimulator*]" = "-Xcc -fmodule-map-file=$(SRCROOT)/Frameworks/GhosttyKit.xcframework/ios-arm64-simulator/Headers/GhosttyKit.modulemap";
				PRODUCT_BUNDLE_IDENTIFIER = com.geistty.tests;
				PRODUCT_NAME = "$(TARGET_NAME)";
				SWIFT_EMIT_LOC_STRINGS = NO;
				"SWIFT_INCLUDE_PATHS[sdk=iphoneos*]" = (
					"$(inherited)",
					"$(PROJECT_DIR)/Frameworks/GhosttyKit.xcframework/ios-arm64/Headers",
				);
				"SWIFT_INCLUDE_PATHS[sdk=iphonesimulator*]" = (
					"$(inherited)",
					"$(PROJECT_DIR)/Frameworks/GhosttyKit.xcframework/ios-arm64-simulator/Headers",
				);
				SWIFT_VERSION = 5.0;
				TARGETED_DEVICE_FAMILY = "1,2";
				TEST_HOST = "$(BUILT_PRODUCTS_DIR)/Geistty.app/$(BUNDLE_EXECUTABLE_FOLDER_PATH)/Geistty";
			};
			name = Release;
		};
/* End XCBuildConfiguration section */

/* Begin XCConfigurationList section */
		A7000001 /* Build configuration list for PBXNativeTarget "Geistty" */ = {
			isa = XCConfigurationList;
			buildConfigurations = (
				AD000001 /* Debug */,
				AD000002 /* Release */,
			);
			defaultConfigurationIsVisible = 0;
			defaultConfigurationName = Release;
		};
		B7000001 /* Build configuration list for PBXNativeTarget "GeisttyUITests" */ = {
			isa = XCConfigurationList;
			buildConfigurations = (
				BD000001 /* Debug */,
				BD000002 /* Release */,
			);
			defaultConfigurationIsVisible = 0;
			defaultConfigurationName = Release;
		};
		AB000001 /* Build configuration list for PBXProject "Geistty" */ = {
			isa = XCConfigurationList;
			buildConfigurations = (
				AC000001 /* Debug */,
				AC000002 /* Release */,
			);
			defaultConfigurationIsVisible = 0;
			defaultConfigurationName = Release;
		};
		DA000001 /* Build configuration list for PBXNativeTarget "GeisttyTests" */ = {
			isa = XCConfigurationList;
			buildConfigurations = (
				DB000001 /* Debug */,
				DC000001 /* Release */,
			);
			defaultConfigurationIsVisible = 0;
			defaultConfigurationName = Release;
		};
/* End XCConfigurationList section */

/* Begin XCRemoteSwiftPackageReference section */
		AF000002 /* XCRemoteSwiftPackageReference "swift-nio-ssh" */ = {
			isa = XCRemoteSwiftPackageReference;
			repositoryURL = "https://github.com/daiimus/swift-nio-ssh";
			requirement = {
				kind = branch;
				branch = "add-rsa-support";
			};
		};
		AF000003 /* XCRemoteSwiftPackageReference "swift-nio-transport-services" */ = {
			isa = XCRemoteSwiftPackageReference;
			repositoryURL = "https://github.com/apple/swift-nio-transport-services";
			requirement = {
				kind = upToNextMajorVersion;
				minimumVersion = "1.20.0";
			};
		};
/* End XCRemoteSwiftPackageReference section */

/* Begin XCSwiftPackageProductDependency section */
		AE000002 /* NIOSSH */ = {
			isa = XCSwiftPackageProductDependency;
			package = AF000002 /* XCRemoteSwiftPackageReference "swift-nio-ssh" */;
			productName = NIOSSH;
		};
		AE000003 /* NIOTransportServices */ = {
			isa = XCSwiftPackageProductDependency;
			package = AF000003 /* XCRemoteSwiftPackageReference "swift-nio-transport-services" */;
			productName = NIOTransportServices;
		};
/* End XCSwiftPackageProductDependency section */
	};
	rootObject = AA000001 /* Project object */;
}
